// !$*UTF8*$!
{
	archiveVersion = 1;
	classes = {
	};
	objectVersion = 46;
	objects = {

/* Begin PBXBuildFile section */
		0104AD851C7900000056B10F /* CustSearchTableViewCell.swift in Sources */ = {isa = PBXBuildFile; fileRef = 0104AD841C7900000056B10F /* CustSearchTableViewCell.swift */; };
		0104AD911C79072D0056B10F /* AutoFillTableViewController.swift in Sources */ = {isa = PBXBuildFile; fileRef = 0104AD901C79072D0056B10F /* AutoFillTableViewController.swift */; };
		0104AD951C7910C30056B10F /* Main.storyboard in Resources */ = {isa = PBXBuildFile; fileRef = 0104AD931C7910C30056B10F /* Main.storyboard */; };
		0104AD981C7BC7D70056B10F /* CustomerAutoFill.swift in Sources */ = {isa = PBXBuildFile; fileRef = 0104AD971C7BC7D70056B10F /* CustomerAutoFill.swift */; };
		014283CF1C5D65940097C61F /* PickupTableViewCell.swift in Sources */ = {isa = PBXBuildFile; fileRef = 014283CE1C5D65940097C61F /* PickupTableViewCell.swift */; };
		014283D11C5D6B800097C61F /* WaitingPickupTableViewController.swift in Sources */ = {isa = PBXBuildFile; fileRef = 014283D01C5D6B800097C61F /* WaitingPickupTableViewController.swift */; };
		0147B5931C4EBF1900218606 /* WorkOrder.swift in Sources */ = {isa = PBXBuildFile; fileRef = 0147B5921C4EBF1900218606 /* WorkOrder.swift */; };
		0147B5941C4EBF1900218606 /* WorkOrder.swift in Sources */ = {isa = PBXBuildFile; fileRef = 0147B5921C4EBF1900218606 /* WorkOrder.swift */; };
		01CB32851C483646009D3565 /* BikeOrderTableViewCell.swift in Sources */ = {isa = PBXBuildFile; fileRef = 01CB32841C483646009D3565 /* BikeOrderTableViewCell.swift */; };
		01D6ECC21C66A28A00945391 /* TechEditViewController.swift in Sources */ = {isa = PBXBuildFile; fileRef = 01D6ECC11C66A28A00945391 /* TechEditViewController.swift */; };
		01F524091C540B7300AB3631 /* WorkOrderTableViewController.swift in Sources */ = {isa = PBXBuildFile; fileRef = 01F524081C540B7300AB3631 /* WorkOrderTableViewController.swift */; };
		141B96121C014F7300D2AFA4 /* stringUtils.swift in Sources */ = {isa = PBXBuildFile; fileRef = 141B96111C014F7300D2AFA4 /* stringUtils.swift */; };
		14A0F8721BF2D5680077CFAD /* SwiftHTTP.framework in Frameworks */ = {isa = PBXBuildFile; fileRef = 14A0F8681BF2D3E60077CFAD /* SwiftHTTP.framework */; };
		14A0F8731BF2D5680077CFAD /* SwiftHTTP.framework in Embed Frameworks */ = {isa = PBXBuildFile; fileRef = 14A0F8681BF2D3E60077CFAD /* SwiftHTTP.framework */; settings = {ATTRIBUTES = (CodeSignOnCopy, RemoveHeadersOnCopy, ); }; };
		14ADDC041BEC5510005ECABA /* AppDelegate.swift in Sources */ = {isa = PBXBuildFile; fileRef = 14ADDC031BEC5510005ECABA /* AppDelegate.swift */; };
		14ADDC061BEC5510005ECABA /* ViewController.swift in Sources */ = {isa = PBXBuildFile; fileRef = 14ADDC051BEC5510005ECABA /* ViewController.swift */; };
		14ADDC0B1BEC5510005ECABA /* Assets.xcassets in Resources */ = {isa = PBXBuildFile; fileRef = 14ADDC0A1BEC5510005ECABA /* Assets.xcassets */; };
		14ADDC0E1BEC5510005ECABA /* LaunchScreen.storyboard in Resources */ = {isa = PBXBuildFile; fileRef = 14ADDC0C1BEC5510005ECABA /* LaunchScreen.storyboard */; };
		14D686A21C6713F30092770D /* AwaitingOrderViewController.swift in Sources */ = {isa = PBXBuildFile; fileRef = 14D686A11C6713F30092770D /* AwaitingOrderViewController.swift */; };
		14DE9B361C8908C10004ABC1 /* Candy.swift in Sources */ = {isa = PBXBuildFile; fileRef = 14DE9B351C8908C10004ABC1 /* Candy.swift */; };
		14DE9B381C8909000004ABC1 /* SearchPageViewController.swift in Sources */ = {isa = PBXBuildFile; fileRef = 14DE9B371C8909000004ABC1 /* SearchPageViewController.swift */; };
		14DE9B3A1C8909200004ABC1 /* DetailViewController.swift in Sources */ = {isa = PBXBuildFile; fileRef = 14DE9B391C8909200004ABC1 /* DetailViewController.swift */; };
		14FC6A161C79313D006605C7 /* AdminPage.swift in Sources */ = {isa = PBXBuildFile; fileRef = 14FC6A151C79313D006605C7 /* AdminPage.swift */; };
		8F9BEBB91C7ACCEA007FA4A3 /* AdditionalServicesViewController.swift in Sources */ = {isa = PBXBuildFile; fileRef = 8F9BEBB81C7ACCEA007FA4A3 /* AdditionalServicesViewController.swift */; };
		8FAA46ED1BFE5ABD00E39874 /* MyFormCycleHomeTests.swift in Sources */ = {isa = PBXBuildFile; fileRef = 8FAA46EC1BFE5ABD00E39874 /* MyFormCycleHomeTests.swift */; };
		9D05CF231C485D4800998F15 /* SwiftyJSON.framework in Frameworks */ = {isa = PBXBuildFile; fileRef = 9D05CF161C485D4000998F15 /* SwiftyJSON.framework */; };
		9D05CF241C485D4E00998F15 /* SwiftyJSON.framework in Embed Frameworks */ = {isa = PBXBuildFile; fileRef = 9D05CF161C485D4000998F15 /* SwiftyJSON.framework */; settings = {ATTRIBUTES = (CodeSignOnCopy, RemoveHeadersOnCopy, ); }; };
		9D11CF261C827C8A000471D0 /* .gitignore in Resources */ = {isa = PBXBuildFile; fileRef = 9D11CF251C827C8A000471D0 /* .gitignore */; };
		9D222ECC1C88C9D300EBB5EE /* Crypto.swift in Sources */ = {isa = PBXBuildFile; fileRef = 9D222ECB1C88C9D300EBB5EE /* Crypto.swift */; };
		9D222EE31C88DC1C00EBB5EE /* CryptoSwift.framework in Frameworks */ = {isa = PBXBuildFile; fileRef = 9D222ED81C88DC0800EBB5EE /* CryptoSwift.framework */; };
		9D222EE41C88DC2200EBB5EE /* CryptoSwift.framework in Embed Frameworks */ = {isa = PBXBuildFile; fileRef = 9D222ED81C88DC0800EBB5EE /* CryptoSwift.framework */; settings = {ATTRIBUTES = (CodeSignOnCopy, RemoveHeadersOnCopy, ); }; };
		9D9E96651C516DE3002AD84C /* NewOrder.swift in Sources */ = {isa = PBXBuildFile; fileRef = 9D9E96641C516DE2002AD84C /* NewOrder.swift */; };
		9D9E96711C516FF7002AD84C /* BikeInfo.swift in Sources */ = {isa = PBXBuildFile; fileRef = 9D9E96701C516FF7002AD84C /* BikeInfo.swift */; };
		9D9E96731C517077002AD84C /* SignInPage.swift in Sources */ = {isa = PBXBuildFile; fileRef = 9D9E96721C517077002AD84C /* SignInPage.swift */; };
		9D9E96761C517132002AD84C /* LoadInvoice.swift in Sources */ = {isa = PBXBuildFile; fileRef = 9D9E96751C517132002AD84C /* LoadInvoice.swift */; };
		9DEC52421C84F8D000DB2965 /* ServerCom.swift in Sources */ = {isa = PBXBuildFile; fileRef = 9DEC52411C84F8D000DB2965 /* ServerCom.swift */; };
		9DFBA13C1C5D75DD008D13CB /* Capstone in Resources */ = {isa = PBXBuildFile; fileRef = 9DFBA13B1C5D75DD008D13CB /* Capstone */; };
/* End PBXBuildFile section */

/* Begin PBXContainerItemProxy section */
		14A0F8671BF2D3E60077CFAD /* PBXContainerItemProxy */ = {
			isa = PBXContainerItemProxy;
			containerPortal = 14A0F8601BF2D3E60077CFAD /* SwiftHTTP.xcodeproj */;
			proxyType = 2;
			remoteGlobalIDString = 6BFD901619C8D8B500DD99B6;
			remoteInfo = SwiftHTTP;
		};
		14A0F8691BF2D3E60077CFAD /* PBXContainerItemProxy */ = {
			isa = PBXContainerItemProxy;
			containerPortal = 14A0F8601BF2D3E60077CFAD /* SwiftHTTP.xcodeproj */;
			proxyType = 2;
			remoteGlobalIDString = 6BFD902119C8D8B500DD99B6;
			remoteInfo = SwiftHTTPTests;
		};
		14A0F86B1BF2D3E60077CFAD /* PBXContainerItemProxy */ = {
			isa = PBXContainerItemProxy;
			containerPortal = 14A0F8601BF2D3E60077CFAD /* SwiftHTTP.xcodeproj */;
			proxyType = 2;
			remoteGlobalIDString = D958025919E6EEEB003C8218;
			remoteInfo = SwiftHTTPOSX;
		};
		14A0F86D1BF2D3E60077CFAD /* PBXContainerItemProxy */ = {
			isa = PBXContainerItemProxy;
			containerPortal = 14A0F8601BF2D3E60077CFAD /* SwiftHTTP.xcodeproj */;
			proxyType = 2;
			remoteGlobalIDString = D958026319E6EEEB003C8218;
			remoteInfo = SwiftHTTPOSXTests;
		};
		14A0F8741BF2D5680077CFAD /* PBXContainerItemProxy */ = {
			isa = PBXContainerItemProxy;
			containerPortal = 14A0F8601BF2D3E60077CFAD /* SwiftHTTP.xcodeproj */;
			proxyType = 1;
			remoteGlobalIDString = 6BFD901519C8D8B500DD99B6;
			remoteInfo = SwiftHTTP;
		};
		8FAA46EF1BFE5ABD00E39874 /* PBXContainerItemProxy */ = {
			isa = PBXContainerItemProxy;
			containerPortal = 14ADDBF81BEC5510005ECABA /* Project object */;
			proxyType = 1;
			remoteGlobalIDString = 14ADDBFF1BEC5510005ECABA;
			remoteInfo = MyFormCycleHome;
		};
		9D05CF151C485D4000998F15 /* PBXContainerItemProxy */ = {
			isa = PBXContainerItemProxy;
			containerPortal = 9D05CF081C485D4000998F15 /* SwiftyJSON.xcodeproj */;
			proxyType = 2;
			remoteGlobalIDString = 2E4FEFDB19575BE100351305;
			remoteInfo = "SwiftyJSON iOS";
		};
		9D05CF171C485D4000998F15 /* PBXContainerItemProxy */ = {
			isa = PBXContainerItemProxy;
			containerPortal = 9D05CF081C485D4000998F15 /* SwiftyJSON.xcodeproj */;
			proxyType = 2;
			remoteGlobalIDString = 2E4FEFE619575BE100351305;
			remoteInfo = "SwiftyJSON iOS Tests";
		};
		9D05CF191C485D4000998F15 /* PBXContainerItemProxy */ = {
			isa = PBXContainerItemProxy;
			containerPortal = 9D05CF081C485D4000998F15 /* SwiftyJSON.xcodeproj */;
			proxyType = 2;
			remoteGlobalIDString = 9C7DFC5B1A9102BD005AA3F7;
			remoteInfo = "SwiftyJSON OSX";
		};
		9D05CF1B1C485D4000998F15 /* PBXContainerItemProxy */ = {
			isa = PBXContainerItemProxy;
			containerPortal = 9D05CF081C485D4000998F15 /* SwiftyJSON.xcodeproj */;
			proxyType = 2;
			remoteGlobalIDString = 9C7DFC651A9102BD005AA3F7;
			remoteInfo = "SwiftyJSON OSX Tests";
		};
		9D05CF1D1C485D4000998F15 /* PBXContainerItemProxy */ = {
			isa = PBXContainerItemProxy;
			containerPortal = 9D05CF081C485D4000998F15 /* SwiftyJSON.xcodeproj */;
			proxyType = 2;
			remoteGlobalIDString = E4D7CCE81B9465A700EE7221;
			remoteInfo = "SwiftyJSON watchOS";
		};
		9D05CF1F1C485D4000998F15 /* PBXContainerItemProxy */ = {
			isa = PBXContainerItemProxy;
			containerPortal = 9D05CF081C485D4000998F15 /* SwiftyJSON.xcodeproj */;
			proxyType = 2;
			remoteGlobalIDString = 7236B4F61BAC14150020529B;
			remoteInfo = "SwiftyJSON tvOS";
		};
		9D05CF211C485D4000998F15 /* PBXContainerItemProxy */ = {
			isa = PBXContainerItemProxy;
			containerPortal = 9D05CF081C485D4000998F15 /* SwiftyJSON.xcodeproj */;
			proxyType = 2;
			remoteGlobalIDString = A8580F741BCF5C5B00DA927B;
			remoteInfo = "SwiftyJSON tvOS Tests";
		};
		9D222EA11C88C13E00EBB5EE /* PBXContainerItemProxy */ = {
			isa = PBXContainerItemProxy;
			containerPortal = 9D05CF081C485D4000998F15 /* SwiftyJSON.xcodeproj */;
			proxyType = 1;
			remoteGlobalIDString = 2E4FEFDA19575BE100351305;
			remoteInfo = "SwiftyJSON iOS";
		};
		9D222ED71C88DC0800EBB5EE /* PBXContainerItemProxy */ = {
			isa = PBXContainerItemProxy;
			containerPortal = 9D222ECF1C88DC0700EBB5EE /* CryptoSwift.xcodeproj */;
			proxyType = 2;
			remoteGlobalIDString = 754BE45519693E190098E6F3;
			remoteInfo = "CryptoSwift iOS";
		};
		9D222ED91C88DC0800EBB5EE /* PBXContainerItemProxy */ = {
			isa = PBXContainerItemProxy;
			containerPortal = 9D222ECF1C88DC0700EBB5EE /* CryptoSwift.xcodeproj */;
			proxyType = 2;
			remoteGlobalIDString = 5596BDBB1BC8F220007E38D5;
			remoteInfo = "CryptoSwift watchOS";
		};
		9D222EDB1C88DC0800EBB5EE /* PBXContainerItemProxy */ = {
			isa = PBXContainerItemProxy;
			containerPortal = 9D222ECF1C88DC0700EBB5EE /* CryptoSwift.xcodeproj */;
			proxyType = 2;
			remoteGlobalIDString = 75DF77721BC8EB59006E9520;
			remoteInfo = "CryptoSwift OSX";
		};
		9D222EDD1C88DC0800EBB5EE /* PBXContainerItemProxy */ = {
			isa = PBXContainerItemProxy;
			containerPortal = 9D222ECF1C88DC0700EBB5EE /* CryptoSwift.xcodeproj */;
			proxyType = 2;
			remoteGlobalIDString = 75D614BF1BD844F2001358B2;
			remoteInfo = "CryptoSwift tvOS";
		};
		9D222EDF1C88DC0800EBB5EE /* PBXContainerItemProxy */ = {
			isa = PBXContainerItemProxy;
			containerPortal = 9D222ECF1C88DC0700EBB5EE /* CryptoSwift.xcodeproj */;
			proxyType = 2;
			remoteGlobalIDString = 754BE46019693E190098E6F3;
			remoteInfo = CryptoSwiftTests;
		};
		9D222EE11C88DC1400EBB5EE /* PBXContainerItemProxy */ = {
			isa = PBXContainerItemProxy;
			containerPortal = 9D222ECF1C88DC0700EBB5EE /* CryptoSwift.xcodeproj */;
			proxyType = 1;
			remoteGlobalIDString = 754BE45419693E190098E6F3;
			remoteInfo = "CryptoSwift iOS";
		};
/* End PBXContainerItemProxy section */

/* Begin PBXCopyFilesBuildPhase section */
		14A0F8761BF2D5680077CFAD /* Embed Frameworks */ = {
			isa = PBXCopyFilesBuildPhase;
			buildActionMask = 2147483647;
			dstPath = "";
			dstSubfolderSpec = 10;
			files = (
				9D222EE41C88DC2200EBB5EE /* CryptoSwift.framework in Embed Frameworks */,
				9D05CF241C485D4E00998F15 /* SwiftyJSON.framework in Embed Frameworks */,
				14A0F8731BF2D5680077CFAD /* SwiftHTTP.framework in Embed Frameworks */,
			);
			name = "Embed Frameworks";
			runOnlyForDeploymentPostprocessing = 0;
		};
/* End PBXCopyFilesBuildPhase section */

/* Begin PBXFileReference section */
		0104AD841C7900000056B10F /* CustSearchTableViewCell.swift */ = {isa = PBXFileReference; fileEncoding = 4; lastKnownFileType = sourcecode.swift; path = CustSearchTableViewCell.swift; sourceTree = "<group>"; };
		0104AD901C79072D0056B10F /* AutoFillTableViewController.swift */ = {isa = PBXFileReference; fileEncoding = 4; lastKnownFileType = sourcecode.swift; path = AutoFillTableViewController.swift; sourceTree = "<group>"; };
		0104AD941C7910C30056B10F /* Base */ = {isa = PBXFileReference; lastKnownFileType = file.storyboard; name = Base; path = Base.lproj/Main.storyboard; sourceTree = "<group>"; };
		0104AD971C7BC7D70056B10F /* CustomerAutoFill.swift */ = {isa = PBXFileReference; fileEncoding = 4; lastKnownFileType = sourcecode.swift; path = CustomerAutoFill.swift; sourceTree = "<group>"; };
		014283CE1C5D65940097C61F /* PickupTableViewCell.swift */ = {isa = PBXFileReference; fileEncoding = 4; lastKnownFileType = sourcecode.swift; path = PickupTableViewCell.swift; sourceTree = "<group>"; };
		014283D01C5D6B800097C61F /* WaitingPickupTableViewController.swift */ = {isa = PBXFileReference; fileEncoding = 4; lastKnownFileType = sourcecode.swift; path = WaitingPickupTableViewController.swift; sourceTree = "<group>"; };
		0147B5921C4EBF1900218606 /* WorkOrder.swift */ = {isa = PBXFileReference; fileEncoding = 4; lastKnownFileType = sourcecode.swift; name = WorkOrder.swift; path = ../WorkOrder.swift; sourceTree = "<group>"; };
		01CB32841C483646009D3565 /* BikeOrderTableViewCell.swift */ = {isa = PBXFileReference; fileEncoding = 4; lastKnownFileType = sourcecode.swift; path = BikeOrderTableViewCell.swift; sourceTree = "<group>"; };
		01D6ECC11C66A28A00945391 /* TechEditViewController.swift */ = {isa = PBXFileReference; fileEncoding = 4; lastKnownFileType = sourcecode.swift; path = TechEditViewController.swift; sourceTree = "<group>"; };
		01F524081C540B7300AB3631 /* WorkOrderTableViewController.swift */ = {isa = PBXFileReference; fileEncoding = 4; lastKnownFileType = sourcecode.swift; path = WorkOrderTableViewController.swift; sourceTree = "<group>"; };
		141B96111C014F7300D2AFA4 /* stringUtils.swift */ = {isa = PBXFileReference; fileEncoding = 4; lastKnownFileType = sourcecode.swift; path = stringUtils.swift; sourceTree = "<group>"; };
		14A0F8601BF2D3E60077CFAD /* SwiftHTTP.xcodeproj */ = {isa = PBXFileReference; lastKnownFileType = "wrapper.pb-project"; name = SwiftHTTP.xcodeproj; path = "SwiftHTTP-master/SwiftHTTP.xcodeproj"; sourceTree = "<group>"; };
		14ADDC001BEC5510005ECABA /* FormCycle.app */ = {isa = PBXFileReference; explicitFileType = wrapper.application; includeInIndex = 0; path = FormCycle.app; sourceTree = BUILT_PRODUCTS_DIR; };
		14ADDC031BEC5510005ECABA /* AppDelegate.swift */ = {isa = PBXFileReference; lastKnownFileType = sourcecode.swift; path = AppDelegate.swift; sourceTree = "<group>"; };
		14ADDC051BEC5510005ECABA /* ViewController.swift */ = {isa = PBXFileReference; lastKnownFileType = sourcecode.swift; path = ViewController.swift; sourceTree = "<group>"; };
		14ADDC0A1BEC5510005ECABA /* Assets.xcassets */ = {isa = PBXFileReference; lastKnownFileType = folder.assetcatalog; path = Assets.xcassets; sourceTree = "<group>"; };
		14ADDC0D1BEC5510005ECABA /* Base */ = {isa = PBXFileReference; lastKnownFileType = file.storyboard; name = Base; path = Base.lproj/LaunchScreen.storyboard; sourceTree = "<group>"; };
		14ADDC0F1BEC5510005ECABA /* Info.plist */ = {isa = PBXFileReference; lastKnownFileType = text.plist.xml; path = Info.plist; sourceTree = "<group>"; };
		14D686A11C6713F30092770D /* AwaitingOrderViewController.swift */ = {isa = PBXFileReference; fileEncoding = 4; lastKnownFileType = sourcecode.swift; path = AwaitingOrderViewController.swift; sourceTree = "<group>"; };
		14DE9B351C8908C10004ABC1 /* Candy.swift */ = {isa = PBXFileReference; fileEncoding = 4; lastKnownFileType = sourcecode.swift; path = Candy.swift; sourceTree = "<group>"; };
		14DE9B371C8909000004ABC1 /* SearchPageViewController.swift */ = {isa = PBXFileReference; fileEncoding = 4; lastKnownFileType = sourcecode.swift; path = SearchPageViewController.swift; sourceTree = "<group>"; };
		14DE9B391C8909200004ABC1 /* DetailViewController.swift */ = {isa = PBXFileReference; fileEncoding = 4; lastKnownFileType = sourcecode.swift; path = DetailViewController.swift; sourceTree = "<group>"; };
		14FC6A151C79313D006605C7 /* AdminPage.swift */ = {isa = PBXFileReference; fileEncoding = 4; lastKnownFileType = sourcecode.swift; path = AdminPage.swift; sourceTree = "<group>"; };
		8F9BEBB81C7ACCEA007FA4A3 /* AdditionalServicesViewController.swift */ = {isa = PBXFileReference; fileEncoding = 4; lastKnownFileType = sourcecode.swift; path = AdditionalServicesViewController.swift; sourceTree = "<group>"; };
		8FAA46EA1BFE5ABD00E39874 /* FormCycle.xctest */ = {isa = PBXFileReference; explicitFileType = wrapper.cfbundle; includeInIndex = 0; path = FormCycle.xctest; sourceTree = BUILT_PRODUCTS_DIR; };
		8FAA46EC1BFE5ABD00E39874 /* MyFormCycleHomeTests.swift */ = {isa = PBXFileReference; lastKnownFileType = sourcecode.swift; path = MyFormCycleHomeTests.swift; sourceTree = "<group>"; };
		8FAA46EE1BFE5ABD00E39874 /* Info.plist */ = {isa = PBXFileReference; lastKnownFileType = text.plist.xml; path = Info.plist; sourceTree = "<group>"; };
		9D05CF081C485D4000998F15 /* SwiftyJSON.xcodeproj */ = {isa = PBXFileReference; lastKnownFileType = "wrapper.pb-project"; name = SwiftyJSON.xcodeproj; path = "SwiftyJSON-master/SwiftyJSON.xcodeproj"; sourceTree = "<group>"; };
		9D11CF251C827C8A000471D0 /* .gitignore */ = {isa = PBXFileReference; fileEncoding = 4; lastKnownFileType = text; path = .gitignore; sourceTree = "<group>"; };
		9D222ECB1C88C9D300EBB5EE /* Crypto.swift */ = {isa = PBXFileReference; fileEncoding = 4; lastKnownFileType = sourcecode.swift; path = Crypto.swift; sourceTree = "<group>"; };
		9D222ECF1C88DC0700EBB5EE /* CryptoSwift.xcodeproj */ = {isa = PBXFileReference; lastKnownFileType = "wrapper.pb-project"; name = CryptoSwift.xcodeproj; path = "CryptoSwift-master/CryptoSwift.xcodeproj"; sourceTree = "<group>"; };
		9D9E96641C516DE2002AD84C /* NewOrder.swift */ = {isa = PBXFileReference; fileEncoding = 4; lastKnownFileType = sourcecode.swift; path = NewOrder.swift; sourceTree = "<group>"; };
		9D9E96701C516FF7002AD84C /* BikeInfo.swift */ = {isa = PBXFileReference; fileEncoding = 4; lastKnownFileType = sourcecode.swift; path = BikeInfo.swift; sourceTree = "<group>"; };
		9D9E96721C517077002AD84C /* SignInPage.swift */ = {isa = PBXFileReference; fileEncoding = 4; lastKnownFileType = sourcecode.swift; path = SignInPage.swift; sourceTree = "<group>"; };
		9D9E96751C517132002AD84C /* LoadInvoice.swift */ = {isa = PBXFileReference; fileEncoding = 4; lastKnownFileType = sourcecode.swift; path = LoadInvoice.swift; sourceTree = "<group>"; };
		9DEC52411C84F8D000DB2965 /* ServerCom.swift */ = {isa = PBXFileReference; fileEncoding = 4; lastKnownFileType = sourcecode.swift; path = ServerCom.swift; sourceTree = "<group>"; };
		9DFBA13B1C5D75DD008D13CB /* Capstone */ = {isa = PBXFileReference; lastKnownFileType = folder; path = Capstone; sourceTree = "<group>"; };
/* End PBXFileReference section */

/* Begin PBXFrameworksBuildPhase section */
		14ADDBFD1BEC5510005ECABA /* Frameworks */ = {
			isa = PBXFrameworksBuildPhase;
			buildActionMask = 2147483647;
			files = (
				9D222EE31C88DC1C00EBB5EE /* CryptoSwift.framework in Frameworks */,
				9D05CF231C485D4800998F15 /* SwiftyJSON.framework in Frameworks */,
				14A0F8721BF2D5680077CFAD /* SwiftHTTP.framework in Frameworks */,
			);
			runOnlyForDeploymentPostprocessing = 0;
		};
		8FAA46E71BFE5ABD00E39874 /* Frameworks */ = {
			isa = PBXFrameworksBuildPhase;
			buildActionMask = 2147483647;
			files = (
			);
			runOnlyForDeploymentPostprocessing = 0;
		};
/* End PBXFrameworksBuildPhase section */

/* Begin PBXGroup section */
		0104AD921C79073B0056B10F /* AutoFillTable */ = {
			isa = PBXGroup;
			children = (
				0104AD841C7900000056B10F /* CustSearchTableViewCell.swift */,
				0104AD901C79072D0056B10F /* AutoFillTableViewController.swift */,
			);
			name = AutoFillTable;
			sourceTree = "<group>";
		};
		0104AD961C7BC7560056B10F /* DataModels */ = {
			isa = PBXGroup;
			children = (
				0147B5921C4EBF1900218606 /* WorkOrder.swift */,
				0104AD971C7BC7D70056B10F /* CustomerAutoFill.swift */,
			);
			name = DataModels;
			sourceTree = "<group>";
		};
		014283C21C5D5FCB0097C61F /* OpenOrdersTable */ = {
			isa = PBXGroup;
			children = (
				01F524081C540B7300AB3631 /* WorkOrderTableViewController.swift */,
				01CB32841C483646009D3565 /* BikeOrderTableViewCell.swift */,
			);
			name = OpenOrdersTable;
			sourceTree = "<group>";
		};
		014283CD1C5D63580097C61F /* WaitingPickupTable */ = {
			isa = PBXGroup;
			children = (
				014283D01C5D6B800097C61F /* WaitingPickupTableViewController.swift */,
				014283CE1C5D65940097C61F /* PickupTableViewCell.swift */,
			);
			name = WaitingPickupTable;
			sourceTree = "<group>";
		};
		14A0F8611BF2D3E60077CFAD /* Products */ = {
			isa = PBXGroup;
			children = (
				14A0F8681BF2D3E60077CFAD /* SwiftHTTP.framework */,
				14A0F86A1BF2D3E60077CFAD /* SwiftHTTPTests.xctest */,
				14A0F86C1BF2D3E60077CFAD /* SwiftHTTP.framework */,
				14A0F86E1BF2D3E60077CFAD /* SwiftHTTPOSXTests.xctest */,
			);
			name = Products;
			sourceTree = "<group>";
		};
		14ADDBF71BEC5510005ECABA = {
			isa = PBXGroup;
			children = (
				9D222ECF1C88DC0700EBB5EE /* CryptoSwift.xcodeproj */,
				9D11CF251C827C8A000471D0 /* .gitignore */,
				9DFBA13B1C5D75DD008D13CB /* Capstone */,
				9D05CF081C485D4000998F15 /* SwiftyJSON.xcodeproj */,
				14A0F8601BF2D3E60077CFAD /* SwiftHTTP.xcodeproj */,
				14ADDC021BEC5510005ECABA /* MyFormCycleHome */,
				8FAA46EB1BFE5ABD00E39874 /* MyFormCycleHomeTests */,
				14ADDC011BEC5510005ECABA /* Products */,
			);
			sourceTree = "<group>";
		};
		14ADDC011BEC5510005ECABA /* Products */ = {
			isa = PBXGroup;
			children = (
				14ADDC001BEC5510005ECABA /* FormCycle.app */,
				8FAA46EA1BFE5ABD00E39874 /* FormCycle.xctest */,
			);
			name = Products;
			sourceTree = "<group>";
		};
		14ADDC021BEC5510005ECABA /* MyFormCycleHome */ = {
			isa = PBXGroup;
			children = (
				0104AD921C79073B0056B10F /* AutoFillTable */,
				014283C21C5D5FCB0097C61F /* OpenOrdersTable */,
				014283CD1C5D63580097C61F /* WaitingPickupTable */,
				9D9E96741C5170FE002AD84C /* Pages */,
				0104AD961C7BC7560056B10F /* DataModels */,
				14ADDC031BEC5510005ECABA /* AppDelegate.swift */,
				0104AD931C7910C30056B10F /* Main.storyboard */,
				9DEC52411C84F8D000DB2965 /* ServerCom.swift */,
				9D222ECB1C88C9D300EBB5EE /* Crypto.swift */,
				14ADDC051BEC5510005ECABA /* ViewController.swift */,
				14ADDC0A1BEC5510005ECABA /* Assets.xcassets */,
				14ADDC0C1BEC5510005ECABA /* LaunchScreen.storyboard */,
				14ADDC0F1BEC5510005ECABA /* Info.plist */,
				141B96111C014F7300D2AFA4 /* stringUtils.swift */,
				14DE9B351C8908C10004ABC1 /* Candy.swift */,
			);
			path = MyFormCycleHome;
			sourceTree = "<group>";
		};
		8FAA46EB1BFE5ABD00E39874 /* MyFormCycleHomeTests */ = {
			isa = PBXGroup;
			children = (
				8FAA46EC1BFE5ABD00E39874 /* MyFormCycleHomeTests.swift */,
				8FAA46EE1BFE5ABD00E39874 /* Info.plist */,
			);
			path = MyFormCycleHomeTests;
			sourceTree = "<group>";
		};
		9D05CF091C485D4000998F15 /* Products */ = {
			isa = PBXGroup;
			children = (
				9D05CF161C485D4000998F15 /* SwiftyJSON.framework */,
				9D05CF181C485D4000998F15 /* SwiftyJSON iOS Tests.xctest */,
				9D05CF1A1C485D4000998F15 /* SwiftyJSON.framework */,
				9D05CF1C1C485D4000998F15 /* SwiftyJSON OSX Tests.xctest */,
				9D05CF1E1C485D4000998F15 /* SwiftyJSON.framework */,
				9D05CF201C485D4000998F15 /* SwiftyJSON.framework */,
				9D05CF221C485D4000998F15 /* SwiftyJSON tvOS Tests.xctest */,
			);
			name = Products;
			sourceTree = "<group>";
		};
		9D222ED01C88DC0800EBB5EE /* Products */ = {
			isa = PBXGroup;
			children = (
				9D222ED81C88DC0800EBB5EE /* CryptoSwift.framework */,
				9D222EDA1C88DC0800EBB5EE /* CryptoSwift.framework */,
				9D222EDC1C88DC0800EBB5EE /* CryptoSwift.framework */,
				9D222EDE1C88DC0800EBB5EE /* CryptoSwift.framework */,
				9D222EE01C88DC0800EBB5EE /* CryptoSwiftTests.xctest */,
			);
			name = Products;
			sourceTree = "<group>";
		};
		9D9E96741C5170FE002AD84C /* Pages */ = {
			isa = PBXGroup;
			children = (
				9D9E96701C516FF7002AD84C /* BikeInfo.swift */,
				9D9E96721C517077002AD84C /* SignInPage.swift */,
				9D9E96641C516DE2002AD84C /* NewOrder.swift */,
				9D9E96751C517132002AD84C /* LoadInvoice.swift */,
				01D6ECC11C66A28A00945391 /* TechEditViewController.swift */,
				14D686A11C6713F30092770D /* AwaitingOrderViewController.swift */,
				14FC6A151C79313D006605C7 /* AdminPage.swift */,
				8F9BEBB81C7ACCEA007FA4A3 /* AdditionalServicesViewController.swift */,
				14DE9B371C8909000004ABC1 /* SearchPageViewController.swift */,
				14DE9B391C8909200004ABC1 /* DetailViewController.swift */,
			);
			name = Pages;
			sourceTree = "<group>";
		};
/* End PBXGroup section */

/* Begin PBXNativeTarget section */
		14ADDBFF1BEC5510005ECABA /* FormCycle */ = {
			isa = PBXNativeTarget;
			buildConfigurationList = 14ADDC121BEC5510005ECABA /* Build configuration list for PBXNativeTarget "FormCycle" */;
			buildPhases = (
				14ADDBFC1BEC5510005ECABA /* Sources */,
				14ADDBFD1BEC5510005ECABA /* Frameworks */,
				14ADDBFE1BEC5510005ECABA /* Resources */,
				14A0F8761BF2D5680077CFAD /* Embed Frameworks */,
			);
			buildRules = (
			);
			dependencies = (
				9D222EE21C88DC1400EBB5EE /* PBXTargetDependency */,
				9D222EA21C88C13E00EBB5EE /* PBXTargetDependency */,
				14A0F8751BF2D5680077CFAD /* PBXTargetDependency */,
			);
			name = FormCycle;
			productName = MyFormCycleHome;
			productReference = 14ADDC001BEC5510005ECABA /* FormCycle.app */;
			productType = "com.apple.product-type.application";
		};
		8FAA46E91BFE5ABD00E39874 /* FormCycleTests */ = {
			isa = PBXNativeTarget;
			buildConfigurationList = 8FAA46F61BFE5ABD00E39874 /* Build configuration list for PBXNativeTarget "FormCycleTests" */;
			buildPhases = (
				8FAA46E61BFE5ABD00E39874 /* Sources */,
				8FAA46E71BFE5ABD00E39874 /* Frameworks */,
				8FAA46E81BFE5ABD00E39874 /* Resources */,
			);
			buildRules = (
			);
			dependencies = (
				8FAA46F01BFE5ABD00E39874 /* PBXTargetDependency */,
			);
			name = FormCycleTests;
			productName = MyFormCycleHomeTests;
			productReference = 8FAA46EA1BFE5ABD00E39874 /* FormCycle.xctest */;
			productType = "com.apple.product-type.bundle.unit-test";
		};
/* End PBXNativeTarget section */

/* Begin PBXProject section */
		14ADDBF81BEC5510005ECABA /* Project object */ = {
			isa = PBXProject;
			attributes = {
				LastSwiftUpdateCheck = 0710;
				LastUpgradeCheck = 0710;
				ORGANIZATIONNAME = "Merrill Lines";
				TargetAttributes = {
					14ADDBFF1BEC5510005ECABA = {
						CreatedOnToolsVersion = 7.1;
						DevelopmentTeam = EPS3HG6PB6;
					};
					8FAA46E91BFE5ABD00E39874 = {
						CreatedOnToolsVersion = 7.1.1;
						DevelopmentTeam = V4G46U8Q3F;
						TestTargetID = 14ADDBFF1BEC5510005ECABA;
					};
				};
			};
			buildConfigurationList = 14ADDBFB1BEC5510005ECABA /* Build configuration list for PBXProject "FormCycle" */;
			compatibilityVersion = "Xcode 3.2";
			developmentRegion = English;
			hasScannedForEncodings = 0;
			knownRegions = (
				en,
				Base,
			);
			mainGroup = 14ADDBF71BEC5510005ECABA;
			productRefGroup = 14ADDC011BEC5510005ECABA /* Products */;
			projectDirPath = "";
			projectReferences = (
				{
					ProductGroup = 9D222ED01C88DC0800EBB5EE /* Products */;
					ProjectRef = 9D222ECF1C88DC0700EBB5EE /* CryptoSwift.xcodeproj */;
				},
				{
					ProductGroup = 14A0F8611BF2D3E60077CFAD /* Products */;
					ProjectRef = 14A0F8601BF2D3E60077CFAD /* SwiftHTTP.xcodeproj */;
				},
				{
					ProductGroup = 9D05CF091C485D4000998F15 /* Products */;
					ProjectRef = 9D05CF081C485D4000998F15 /* SwiftyJSON.xcodeproj */;
				},
			);
			projectRoot = "";
			targets = (
				14ADDBFF1BEC5510005ECABA /* FormCycle */,
				8FAA46E91BFE5ABD00E39874 /* FormCycleTests */,
			);
		};
/* End PBXProject section */

/* Begin PBXReferenceProxy section */
		14A0F8681BF2D3E60077CFAD /* SwiftHTTP.framework */ = {
			isa = PBXReferenceProxy;
			fileType = wrapper.framework;
			path = SwiftHTTP.framework;
			remoteRef = 14A0F8671BF2D3E60077CFAD /* PBXContainerItemProxy */;
			sourceTree = BUILT_PRODUCTS_DIR;
		};
		14A0F86A1BF2D3E60077CFAD /* SwiftHTTPTests.xctest */ = {
			isa = PBXReferenceProxy;
			fileType = wrapper.cfbundle;
			path = SwiftHTTPTests.xctest;
			remoteRef = 14A0F8691BF2D3E60077CFAD /* PBXContainerItemProxy */;
			sourceTree = BUILT_PRODUCTS_DIR;
		};
		14A0F86C1BF2D3E60077CFAD /* SwiftHTTP.framework */ = {
			isa = PBXReferenceProxy;
			fileType = wrapper.framework;
			path = SwiftHTTP.framework;
			remoteRef = 14A0F86B1BF2D3E60077CFAD /* PBXContainerItemProxy */;
			sourceTree = BUILT_PRODUCTS_DIR;
		};
		14A0F86E1BF2D3E60077CFAD /* SwiftHTTPOSXTests.xctest */ = {
			isa = PBXReferenceProxy;
			fileType = wrapper.cfbundle;
			path = SwiftHTTPOSXTests.xctest;
			remoteRef = 14A0F86D1BF2D3E60077CFAD /* PBXContainerItemProxy */;
			sourceTree = BUILT_PRODUCTS_DIR;
		};
		9D05CF161C485D4000998F15 /* SwiftyJSON.framework */ = {
			isa = PBXReferenceProxy;
			fileType = wrapper.framework;
			path = SwiftyJSON.framework;
			remoteRef = 9D05CF151C485D4000998F15 /* PBXContainerItemProxy */;
			sourceTree = BUILT_PRODUCTS_DIR;
		};
		9D05CF181C485D4000998F15 /* SwiftyJSON iOS Tests.xctest */ = {
			isa = PBXReferenceProxy;
			fileType = wrapper.cfbundle;
			path = "SwiftyJSON iOS Tests.xctest";
			remoteRef = 9D05CF171C485D4000998F15 /* PBXContainerItemProxy */;
			sourceTree = BUILT_PRODUCTS_DIR;
		};
		9D05CF1A1C485D4000998F15 /* SwiftyJSON.framework */ = {
			isa = PBXReferenceProxy;
			fileType = wrapper.framework;
			path = SwiftyJSON.framework;
			remoteRef = 9D05CF191C485D4000998F15 /* PBXContainerItemProxy */;
			sourceTree = BUILT_PRODUCTS_DIR;
		};
		9D05CF1C1C485D4000998F15 /* SwiftyJSON OSX Tests.xctest */ = {
			isa = PBXReferenceProxy;
			fileType = wrapper.cfbundle;
			path = "SwiftyJSON OSX Tests.xctest";
			remoteRef = 9D05CF1B1C485D4000998F15 /* PBXContainerItemProxy */;
			sourceTree = BUILT_PRODUCTS_DIR;
		};
		9D05CF1E1C485D4000998F15 /* SwiftyJSON.framework */ = {
			isa = PBXReferenceProxy;
			fileType = wrapper.framework;
			path = SwiftyJSON.framework;
			remoteRef = 9D05CF1D1C485D4000998F15 /* PBXContainerItemProxy */;
			sourceTree = BUILT_PRODUCTS_DIR;
		};
		9D05CF201C485D4000998F15 /* SwiftyJSON.framework */ = {
			isa = PBXReferenceProxy;
			fileType = wrapper.framework;
			path = SwiftyJSON.framework;
			remoteRef = 9D05CF1F1C485D4000998F15 /* PBXContainerItemProxy */;
			sourceTree = BUILT_PRODUCTS_DIR;
		};
		9D05CF221C485D4000998F15 /* SwiftyJSON tvOS Tests.xctest */ = {
			isa = PBXReferenceProxy;
			fileType = wrapper.cfbundle;
			path = "SwiftyJSON tvOS Tests.xctest";
			remoteRef = 9D05CF211C485D4000998F15 /* PBXContainerItemProxy */;
			sourceTree = BUILT_PRODUCTS_DIR;
		};
		9D222ED81C88DC0800EBB5EE /* CryptoSwift.framework */ = {
			isa = PBXReferenceProxy;
			fileType = wrapper.framework;
			path = CryptoSwift.framework;
			remoteRef = 9D222ED71C88DC0800EBB5EE /* PBXContainerItemProxy */;
			sourceTree = BUILT_PRODUCTS_DIR;
		};
		9D222EDA1C88DC0800EBB5EE /* CryptoSwift.framework */ = {
			isa = PBXReferenceProxy;
			fileType = wrapper.framework;
			path = CryptoSwift.framework;
			remoteRef = 9D222ED91C88DC0800EBB5EE /* PBXContainerItemProxy */;
			sourceTree = BUILT_PRODUCTS_DIR;
		};
		9D222EDC1C88DC0800EBB5EE /* CryptoSwift.framework */ = {
			isa = PBXReferenceProxy;
			fileType = wrapper.framework;
			path = CryptoSwift.framework;
			remoteRef = 9D222EDB1C88DC0800EBB5EE /* PBXContainerItemProxy */;
			sourceTree = BUILT_PRODUCTS_DIR;
		};
		9D222EDE1C88DC0800EBB5EE /* CryptoSwift.framework */ = {
			isa = PBXReferenceProxy;
			fileType = wrapper.framework;
			path = CryptoSwift.framework;
			remoteRef = 9D222EDD1C88DC0800EBB5EE /* PBXContainerItemProxy */;
			sourceTree = BUILT_PRODUCTS_DIR;
		};
		9D222EE01C88DC0800EBB5EE /* CryptoSwiftTests.xctest */ = {
			isa = PBXReferenceProxy;
			fileType = wrapper.cfbundle;
			path = CryptoSwiftTests.xctest;
			remoteRef = 9D222EDF1C88DC0800EBB5EE /* PBXContainerItemProxy */;
			sourceTree = BUILT_PRODUCTS_DIR;
		};
/* End PBXReferenceProxy section */

/* Begin PBXResourcesBuildPhase section */
		14ADDBFE1BEC5510005ECABA /* Resources */ = {
			isa = PBXResourcesBuildPhase;
			buildActionMask = 2147483647;
			files = (
				9D11CF261C827C8A000471D0 /* .gitignore in Resources */,
				14ADDC0E1BEC5510005ECABA /* LaunchScreen.storyboard in Resources */,
				9DFBA13C1C5D75DD008D13CB /* Capstone in Resources */,
				14ADDC0B1BEC5510005ECABA /* Assets.xcassets in Resources */,
				0104AD951C7910C30056B10F /* Main.storyboard in Resources */,
			);
			runOnlyForDeploymentPostprocessing = 0;
		};
		8FAA46E81BFE5ABD00E39874 /* Resources */ = {
			isa = PBXResourcesBuildPhase;
			buildActionMask = 2147483647;
			files = (
			);
			runOnlyForDeploymentPostprocessing = 0;
		};
/* End PBXResourcesBuildPhase section */

/* Begin PBXSourcesBuildPhase section */
		14ADDBFC1BEC5510005ECABA /* Sources */ = {
			isa = PBXSourcesBuildPhase;
			buildActionMask = 2147483647;
			files = (
				9DEC52421C84F8D000DB2965 /* ServerCom.swift in Sources */,
				0147B5931C4EBF1900218606 /* WorkOrder.swift in Sources */,
				14DE9B3A1C8909200004ABC1 /* DetailViewController.swift in Sources */,
				14D686A21C6713F30092770D /* AwaitingOrderViewController.swift in Sources */,
				01F524091C540B7300AB3631 /* WorkOrderTableViewController.swift in Sources */,
				14ADDC061BEC5510005ECABA /* ViewController.swift in Sources */,
				014283D11C5D6B800097C61F /* WaitingPickupTableViewController.swift in Sources */,
				8F9BEBB91C7ACCEA007FA4A3 /* AdditionalServicesViewController.swift in Sources */,
				9D222ECC1C88C9D300EBB5EE /* Crypto.swift in Sources */,
				9D9E96651C516DE3002AD84C /* NewOrder.swift in Sources */,
				14DE9B381C8909000004ABC1 /* SearchPageViewController.swift in Sources */,
				14DE9B361C8908C10004ABC1 /* Candy.swift in Sources */,
				9D9E96731C517077002AD84C /* SignInPage.swift in Sources */,
				9D9E96711C516FF7002AD84C /* BikeInfo.swift in Sources */,
				0104AD981C7BC7D70056B10F /* CustomerAutoFill.swift in Sources */,
				01CB32851C483646009D3565 /* BikeOrderTableViewCell.swift in Sources */,
				0104AD911C79072D0056B10F /* AutoFillTableViewController.swift in Sources */,
				14FC6A161C79313D006605C7 /* AdminPage.swift in Sources */,
				141B96121C014F7300D2AFA4 /* stringUtils.swift in Sources */,
				14ADDC041BEC5510005ECABA /* AppDelegate.swift in Sources */,
				9D9E96761C517132002AD84C /* LoadInvoice.swift in Sources */,
				01D6ECC21C66A28A00945391 /* TechEditViewController.swift in Sources */,
				0104AD851C7900000056B10F /* CustSearchTableViewCell.swift in Sources */,
				014283CF1C5D65940097C61F /* PickupTableViewCell.swift in Sources */,
			);
			runOnlyForDeploymentPostprocessing = 0;
		};
		8FAA46E61BFE5ABD00E39874 /* Sources */ = {
			isa = PBXSourcesBuildPhase;
			buildActionMask = 2147483647;
			files = (
				8FAA46ED1BFE5ABD00E39874 /* MyFormCycleHomeTests.swift in Sources */,
				0147B5941C4EBF1900218606 /* WorkOrder.swift in Sources */,
			);
			runOnlyForDeploymentPostprocessing = 0;
		};
/* End PBXSourcesBuildPhase section */

/* Begin PBXTargetDependency section */
		14A0F8751BF2D5680077CFAD /* PBXTargetDependency */ = {
			isa = PBXTargetDependency;
			name = SwiftHTTP;
			targetProxy = 14A0F8741BF2D5680077CFAD /* PBXContainerItemProxy */;
		};
		8FAA46F01BFE5ABD00E39874 /* PBXTargetDependency */ = {
			isa = PBXTargetDependency;
			target = 14ADDBFF1BEC5510005ECABA /* FormCycle */;
			targetProxy = 8FAA46EF1BFE5ABD00E39874 /* PBXContainerItemProxy */;
		};
		9D222EA21C88C13E00EBB5EE /* PBXTargetDependency */ = {
			isa = PBXTargetDependency;
			name = "SwiftyJSON iOS";
			targetProxy = 9D222EA11C88C13E00EBB5EE /* PBXContainerItemProxy */;
		};
		9D222EE21C88DC1400EBB5EE /* PBXTargetDependency */ = {
			isa = PBXTargetDependency;
			name = "CryptoSwift iOS";
			targetProxy = 9D222EE11C88DC1400EBB5EE /* PBXContainerItemProxy */;
		};
/* End PBXTargetDependency section */

/* Begin PBXVariantGroup section */
		0104AD931C7910C30056B10F /* Main.storyboard */ = {
			isa = PBXVariantGroup;
			children = (
				0104AD941C7910C30056B10F /* Base */,
			);
			name = Main.storyboard;
			sourceTree = "<group>";
		};
		14ADDC0C1BEC5510005ECABA /* LaunchScreen.storyboard */ = {
			isa = PBXVariantGroup;
			children = (
				14ADDC0D1BEC5510005ECABA /* Base */,
			);
			name = LaunchScreen.storyboard;
			sourceTree = "<group>";
		};
/* End PBXVariantGroup section */

/* Begin XCBuildConfiguration section */
		14ADDC101BEC5510005ECABA /* Debug */ = {
			isa = XCBuildConfiguration;
			buildSettings = {
				ALWAYS_SEARCH_USER_PATHS = NO;
				CLANG_CXX_LANGUAGE_STANDARD = "gnu++0x";
				CLANG_CXX_LIBRARY = "libc++";
				CLANG_ENABLE_MODULES = YES;
				CLANG_ENABLE_OBJC_ARC = YES;
				CLANG_WARN_BOOL_CONVERSION = YES;
				CLANG_WARN_CONSTANT_CONVERSION = YES;
				CLANG_WARN_DIRECT_OBJC_ISA_USAGE = YES_ERROR;
				CLANG_WARN_EMPTY_BODY = YES;
				CLANG_WARN_ENUM_CONVERSION = YES;
				CLANG_WARN_INT_CONVERSION = YES;
				CLANG_WARN_OBJC_ROOT_CLASS = YES_ERROR;
				CLANG_WARN_UNREACHABLE_CODE = YES;
				CLANG_WARN__DUPLICATE_METHOD_MATCH = YES;
				"CODE_SIGN_IDENTITY[sdk=iphoneos*]" = "iPhone Developer";
				COPY_PHASE_STRIP = NO;
				DEBUG_INFORMATION_FORMAT = dwarf;
				ENABLE_STRICT_OBJC_MSGSEND = YES;
				ENABLE_TESTABILITY = YES;
				GCC_C_LANGUAGE_STANDARD = gnu99;
				GCC_DYNAMIC_NO_PIC = NO;
				GCC_NO_COMMON_BLOCKS = YES;
				GCC_OPTIMIZATION_LEVEL = 0;
				GCC_PREPROCESSOR_DEFINITIONS = (
					"DEBUG=1",
					"$(inherited)",
				);
				GCC_WARN_64_TO_32_BIT_CONVERSION = YES;
				GCC_WARN_ABOUT_RETURN_TYPE = YES_ERROR;
				GCC_WARN_UNDECLARED_SELECTOR = YES;
				GCC_WARN_UNINITIALIZED_AUTOS = YES_AGGRESSIVE;
				GCC_WARN_UNUSED_FUNCTION = YES;
				GCC_WARN_UNUSED_VARIABLE = YES;
				IPHONEOS_DEPLOYMENT_TARGET = 9.1;
				MTL_ENABLE_DEBUG_INFO = YES;
				ONLY_ACTIVE_ARCH = YES;
				SDKROOT = iphoneos;
				SWIFT_OPTIMIZATION_LEVEL = "-Onone";
				TARGETED_DEVICE_FAMILY = "1,2";
			};
			name = Debug;
		};
		14ADDC111BEC5510005ECABA /* Release */ = {
			isa = XCBuildConfiguration;
			buildSettings = {
				ALWAYS_SEARCH_USER_PATHS = NO;
				CLANG_CXX_LANGUAGE_STANDARD = "gnu++0x";
				CLANG_CXX_LIBRARY = "libc++";
				CLANG_ENABLE_MODULES = YES;
				CLANG_ENABLE_OBJC_ARC = YES;
				CLANG_WARN_BOOL_CONVERSION = YES;
				CLANG_WARN_CONSTANT_CONVERSION = YES;
				CLANG_WARN_DIRECT_OBJC_ISA_USAGE = YES_ERROR;
				CLANG_WARN_EMPTY_BODY = YES;
				CLANG_WARN_ENUM_CONVERSION = YES;
				CLANG_WARN_INT_CONVERSION = YES;
				CLANG_WARN_OBJC_ROOT_CLASS = YES_ERROR;
				CLANG_WARN_UNREACHABLE_CODE = YES;
				CLANG_WARN__DUPLICATE_METHOD_MATCH = YES;
				"CODE_SIGN_IDENTITY[sdk=iphoneos*]" = "iPhone Developer";
				COPY_PHASE_STRIP = NO;
				DEBUG_INFORMATION_FORMAT = "dwarf-with-dsym";
				ENABLE_NS_ASSERTIONS = NO;
				ENABLE_STRICT_OBJC_MSGSEND = YES;
				GCC_C_LANGUAGE_STANDARD = gnu99;
				GCC_NO_COMMON_BLOCKS = YES;
				GCC_WARN_64_TO_32_BIT_CONVERSION = YES;
				GCC_WARN_ABOUT_RETURN_TYPE = YES_ERROR;
				GCC_WARN_UNDECLARED_SELECTOR = YES;
				GCC_WARN_UNINITIALIZED_AUTOS = YES_AGGRESSIVE;
				GCC_WARN_UNUSED_FUNCTION = YES;
				GCC_WARN_UNUSED_VARIABLE = YES;
				IPHONEOS_DEPLOYMENT_TARGET = 9.1;
				MTL_ENABLE_DEBUG_INFO = NO;
				SDKROOT = iphoneos;
				TARGETED_DEVICE_FAMILY = "1,2";
				VALIDATE_PRODUCT = YES;
			};
			name = Release;
		};
		14ADDC131BEC5510005ECABA /* Debug */ = {
			isa = XCBuildConfiguration;
			buildSettings = {
				ASSETCATALOG_COMPILER_APPICON_NAME = AppIcon;
				CODE_SIGN_IDENTITY = "iPhone Developer";
				"CODE_SIGN_IDENTITY[sdk=iphoneos*]" = "iPhone Developer";
				EMBEDDED_CONTENT_CONTAINS_SWIFT = YES;
				INFOPLIST_FILE = MyFormCycleHome/Info.plist;
				LD_RUNPATH_SEARCH_PATHS = "$(inherited) @executable_path/Frameworks";
				PRODUCT_BUNDLE_IDENTIFIER = com.merrilltest.MyFormCycle;
				PRODUCT_NAME = FormCycle;
				PROVISIONING_PROFILE = "";
			};
			name = Debug;
		};
		14ADDC141BEC5510005ECABA /* Release */ = {
			isa = XCBuildConfiguration;
			buildSettings = {
				ASSETCATALOG_COMPILER_APPICON_NAME = AppIcon;
				CODE_SIGN_IDENTITY = "iPhone Developer";
				"CODE_SIGN_IDENTITY[sdk=iphoneos*]" = "iPhone Developer";
				EMBEDDED_CONTENT_CONTAINS_SWIFT = YES;
				INFOPLIST_FILE = MyFormCycleHome/Info.plist;
				LD_RUNPATH_SEARCH_PATHS = "$(inherited) @executable_path/Frameworks";
				PRODUCT_BUNDLE_IDENTIFIER = com.merrilltest.MyFormCycle;
				PRODUCT_NAME = FormCycle;
				PROVISIONING_PROFILE = "";
			};
			name = Release;
		};
		8FAA46F11BFE5ABD00E39874 /* Debug */ = {
			isa = XCBuildConfiguration;
			buildSettings = {
				BUNDLE_LOADER = "$(TEST_HOST)";
				INFOPLIST_FILE = MyFormCycleHomeTests/Info.plist;
				LD_RUNPATH_SEARCH_PATHS = "$(inherited) @executable_path/Frameworks @loader_path/Frameworks";
				PRODUCT_BUNDLE_IDENTIFIER = com.test.MyFormCycleHomeTests;
				PRODUCT_NAME = FormCycle;
				TEST_HOST = "$(BUILT_PRODUCTS_DIR)/FormCycle.app/FormCycle";
			};
			name = Debug;
		};
		8FAA46F21BFE5ABD00E39874 /* Release */ = {
			isa = XCBuildConfiguration;
			buildSettings = {
				BUNDLE_LOADER = "$(TEST_HOST)";
				INFOPLIST_FILE = MyFormCycleHomeTests/Info.plist;
				LD_RUNPATH_SEARCH_PATHS = "$(inherited) @executable_path/Frameworks @loader_path/Frameworks";
				PRODUCT_BUNDLE_IDENTIFIER = com.test.MyFormCycleHomeTests;
				PRODUCT_NAME = FormCycle;
				TEST_HOST = "$(BUILT_PRODUCTS_DIR)/FormCycle.app/FormCycle";
			};
			name = Release;
		};
/* End XCBuildConfiguration section */

/* Begin XCConfigurationList section */
		14ADDBFB1BEC5510005ECABA /* Build configuration list for PBXProject "FormCycle" */ = {
			isa = XCConfigurationList;
			buildConfigurations = (
				14ADDC101BEC5510005ECABA /* Debug */,
				14ADDC111BEC5510005ECABA /* Release */,
			);
			defaultConfigurationIsVisible = 0;
			defaultConfigurationName = Release;
		};
		14ADDC121BEC5510005ECABA /* Build configuration list for PBXNativeTarget "FormCycle" */ = {
			isa = XCConfigurationList;
			buildConfigurations = (
				14ADDC131BEC5510005ECABA /* Debug */,
				14ADDC141BEC5510005ECABA /* Release */,
			);
			defaultConfigurationIsVisible = 0;
			defaultConfigurationName = Release;
		};
		8FAA46F61BFE5ABD00E39874 /* Build configuration list for PBXNativeTarget "FormCycleTests" */ = {
			isa = XCConfigurationList;
			buildConfigurations = (
				8FAA46F11BFE5ABD00E39874 /* Debug */,
				8FAA46F21BFE5ABD00E39874 /* Release */,
			);
			defaultConfigurationIsVisible = 0;
			defaultConfigurationName = Release;
		};
/* End XCConfigurationList section */
	};
	rootObject = 14ADDBF81BEC5510005ECABA /* Project object */;
}
